
Microsoft Visual Studio Solution File, Format Version 12.00
# Visual Studio Version 17
VisualStudioVersion = 17.7.34221.43
MinimumVisualStudioVersion = 10.0.40219.1
Project("{FAE04EC0-301F-11D3-BF4B-00C04F79EFBC}") = "BGT_NTP_15Ara-1", "BGT_NTP_15Ara-1\BGT_NTP_15Ara-1.csproj", "{B42C8392-E933-4B3A-BC8F-4EDD8884075D}"
EndProject
Global
	GlobalSection(SolutionConfigurationPlatforms) = preSolution
		Debug|Any CPU = Debug|Any CPU
		Release|Any CPU = Release|Any CPU
	EndGlobalSection
	GlobalSection(ProjectConfigurationPlatforms) = postSolution
		{B42C8392-E933-4B3A-BC8F-4EDD8884075D}.Debug|Any CPU.ActiveCfg = Debug|Any CPU
		{B42C8392-E933-4B3A-BC8F-4EDD8884075D}.Debug|Any CPU.Build.0 = Debug|Any CPU
		{B42C8392-E933-4B3A-BC8F-4EDD8884075D}.Release|Any CPU.ActiveCfg = Release|Any CPU
		{B42C8392-E933-4B3A-BC8F-4EDD8884075D}.Release|Any CPU.Build.0 = Release|Any CPU
	EndGlobalSection
	GlobalSection(SolutionProperties) = preSolution
		HideSolutionNode = FALSE
	EndGlobalSection
	GlobalSection(ExtensibilityGlobals) = postSolution
		SolutionGuid = {004C7475-76F6-42C7-B82C-08B82CDF2D23}
	EndGlobalSection
EndGlobal
